// !$*UTF8*$!
{
	archiveVersion = 1;
	classes = {
	};
	objectVersion = 50;
	objects = {

/* Begin PBXBuildFile section */
		09D6ED85184FE4FFD9BA112E /* Pods_TwitterClone.framework in Frameworks */ = {isa = PBXBuildFile; fileRef = A9B0B6E3C13222DF80426718 /* Pods_TwitterClone.framework */; };
		17102C0322C5DEC700A2AE86 /* HomeDatasource.swift in Sources */ = {isa = PBXBuildFile; fileRef = 17102C0222C5DEC700A2AE86 /* HomeDatasource.swift */; };
		17102C0522C5E01A00A2AE86 /* UserCell.swift in Sources */ = {isa = PBXBuildFile; fileRef = 17102C0422C5E01A00A2AE86 /* UserCell.swift */; };
		17102C0722C5E1EA00A2AE86 /* UserHeader.swift in Sources */ = {isa = PBXBuildFile; fileRef = 17102C0622C5E1EA00A2AE86 /* UserHeader.swift */; };
		17102C0A22C5E2A300A2AE86 /* UserFooter.swift in Sources */ = {isa = PBXBuildFile; fileRef = 17102C0922C5E2A300A2AE86 /* UserFooter.swift */; };
		1780399422C5780E0096DCA6 /* HomeDatasourceController.swift in Sources */ = {isa = PBXBuildFile; fileRef = 1780399322C5780E0096DCA6 /* HomeDatasourceController.swift */; };
		17A2FF4922C56903008D8A9F /* WordCell.swift in Sources */ = {isa = PBXBuildFile; fileRef = 17A2FF4822C56903008D8A9F /* WordCell.swift */; };
		17FF2B8922C4FB5C008276A9 /* AppDelegate.swift in Sources */ = {isa = PBXBuildFile; fileRef = 17FF2B8822C4FB5C008276A9 /* AppDelegate.swift */; };
		17FF2B8B22C4FB5C008276A9 /* HomeController.swift in Sources */ = {isa = PBXBuildFile; fileRef = 17FF2B8A22C4FB5C008276A9 /* HomeController.swift */; };
		17FF2B9022C4FB5D008276A9 /* Assets.xcassets in Resources */ = {isa = PBXBuildFile; fileRef = 17FF2B8F22C4FB5D008276A9 /* Assets.xcassets */; };
		17FF2B9322C4FB5D008276A9 /* LaunchScreen.storyboard in Resources */ = {isa = PBXBuildFile; fileRef = 17FF2B9122C4FB5D008276A9 /* LaunchScreen.storyboard */; };
/* End PBXBuildFile section */

/* Begin PBXFileReference section */
		17102C0222C5DEC700A2AE86 /* HomeDatasource.swift */ = {isa = PBXFileReference; lastKnownFileType = sourcecode.swift; path = HomeDatasource.swift; sourceTree = "<group>"; };
		17102C0422C5E01A00A2AE86 /* UserCell.swift */ = {isa = PBXFileReference; lastKnownFileType = sourcecode.swift; path = UserCell.swift; sourceTree = "<group>"; };
		17102C0622C5E1EA00A2AE86 /* UserHeader.swift */ = {isa = PBXFileReference; lastKnownFileType = sourcecode.swift; path = UserHeader.swift; sourceTree = "<group>"; };
		17102C0922C5E2A300A2AE86 /* UserFooter.swift */ = {isa = PBXFileReference; lastKnownFileType = sourcecode.swift; path = UserFooter.swift; sourceTree = "<group>"; };
		1780399322C5780E0096DCA6 /* HomeDatasourceController.swift */ = {isa = PBXFileReference; lastKnownFileType = sourcecode.swift; path = HomeDatasourceController.swift; sourceTree = "<group>"; };
		17A2FF4822C56903008D8A9F /* WordCell.swift */ = {isa = PBXFileReference; lastKnownFileType = sourcecode.swift; path = WordCell.swift; sourceTree = "<group>"; };
		17FF2B8522C4FB5C008276A9 /* TwitterClone.app */ = {isa = PBXFileReference; explicitFileType = wrapper.application; includeInIndex = 0; path = TwitterClone.app; sourceTree = BUILT_PRODUCTS_DIR; };
		17FF2B8822C4FB5C008276A9 /* AppDelegate.swift */ = {isa = PBXFileReference; lastKnownFileType = sourcecode.swift; path = AppDelegate.swift; sourceTree = "<group>"; };
		17FF2B8A22C4FB5C008276A9 /* HomeController.swift */ = {isa = PBXFileReference; lastKnownFileType = sourcecode.swift; path = HomeController.swift; sourceTree = "<group>"; };
		17FF2B8F22C4FB5D008276A9 /* Assets.xcassets */ = {isa = PBXFileReference; lastKnownFileType = folder.assetcatalog; path = Assets.xcassets; sourceTree = "<group>"; };
		17FF2B9222C4FB5D008276A9 /* Base */ = {isa = PBXFileReference; lastKnownFileType = file.storyboard; name = Base; path = Base.lproj/LaunchScreen.storyboard; sourceTree = "<group>"; };
		17FF2B9422C4FB5D008276A9 /* Info.plist */ = {isa = PBXFileReference; lastKnownFileType = text.plist.xml; path = Info.plist; sourceTree = "<group>"; };
		7DACB0EBAF2965582DA518DE /* Pods-TwitterClone.debug.xcconfig */ = {isa = PBXFileReference; includeInIndex = 1; lastKnownFileType = text.xcconfig; name = "Pods-TwitterClone.debug.xcconfig"; path = "Pods/Target Support Files/Pods-TwitterClone/Pods-TwitterClone.debug.xcconfig"; sourceTree = "<group>"; };
		A9B0B6E3C13222DF80426718 /* Pods_TwitterClone.framework */ = {isa = PBXFileReference; explicitFileType = wrapper.framework; includeInIndex = 0; path = Pods_TwitterClone.framework; sourceTree = BUILT_PRODUCTS_DIR; };
		B251F488B4DE9FFF03ABC96A /* Pods-TwitterClone.release.xcconfig */ = {isa = PBXFileReference; includeInIndex = 1; lastKnownFileType = text.xcconfig; name = "Pods-TwitterClone.release.xcconfig"; path = "Pods/Target Support Files/Pods-TwitterClone/Pods-TwitterClone.release.xcconfig"; sourceTree = "<group>"; };
/* End PBXFileReference section */

/* Begin PBXFrameworksBuildPhase section */
		17FF2B8222C4FB5C008276A9 /* Frameworks */ = {
			isa = PBXFrameworksBuildPhase;
			buildActionMask = 2147483647;
			files = (
				09D6ED85184FE4FFD9BA112E /* Pods_TwitterClone.framework in Frameworks */,
			);
			runOnlyForDeploymentPostprocessing = 0;
		};
/* End PBXFrameworksBuildPhase section */

/* Begin PBXGroup section */
		0114403812E2274243207051 /* Pods */ = {
			isa = PBXGroup;
			children = (
				7DACB0EBAF2965582DA518DE /* Pods-TwitterClone.debug.xcconfig */,
				B251F488B4DE9FFF03ABC96A /* Pods-TwitterClone.release.xcconfig */,
			);
			name = Pods;
			sourceTree = "<group>";
		};
		17FF2B7C22C4FB5B008276A9 = {
			isa = PBXGroup;
			children = (
				17FF2B8722C4FB5C008276A9 /* TwitterClone */,
				17FF2B8622C4FB5C008276A9 /* Products */,
				0114403812E2274243207051 /* Pods */,
				A5FB36D95689FB6CAD8265A3 /* Frameworks */,
			);
			sourceTree = "<group>";
		};
		17FF2B8622C4FB5C008276A9 /* Products */ = {
			isa = PBXGroup;
			children = (
				17FF2B8522C4FB5C008276A9 /* TwitterClone.app */,
			);
			name = Products;
			sourceTree = "<group>";
		};
		17FF2B8722C4FB5C008276A9 /* TwitterClone */ = {
			isa = PBXGroup;
			children = (
				17FF2B9F22C4FDB1008276A9 /* Home */,
				17FF2B9A22C4FC2C008276A9 /* Global */,
			);
			path = TwitterClone;
			sourceTree = "<group>";
		};
		17FF2B9A22C4FC2C008276A9 /* Global */ = {
			isa = PBXGroup;
			children = (
				17FF2B9E22C4FD8B008276A9 /* Model */,
				17FF2B9D22C4FD87008276A9 /* View */,
				17FF2B9C22C4FD82008276A9 /* Controller */,
				17FF2B9B22C4FD79008276A9 /* Service */,
			);
			path = Global;
			sourceTree = "<group>";
		};
		17FF2B9B22C4FD79008276A9 /* Service */ = {
			isa = PBXGroup;
			children = (
				17FF2B9422C4FB5D008276A9 /* Info.plist */,
			);
			path = Service;
			sourceTree = "<group>";
		};
		17FF2B9C22C4FD82008276A9 /* Controller */ = {
			isa = PBXGroup;
			children = (
				17FF2B8822C4FB5C008276A9 /* AppDelegate.swift */,
			);
			path = Controller;
			sourceTree = "<group>";
		};
		17FF2B9D22C4FD87008276A9 /* View */ = {
			isa = PBXGroup;
			children = (
				17FF2B8F22C4FB5D008276A9 /* Assets.xcassets */,
				17FF2B9122C4FB5D008276A9 /* LaunchScreen.storyboard */,
			);
			path = View;
			sourceTree = "<group>";
		};
		17FF2B9E22C4FD8B008276A9 /* Model */ = {
			isa = PBXGroup;
			children = (
			);
			path = Model;
			sourceTree = "<group>";
		};
		17FF2B9F22C4FDB1008276A9 /* Home */ = {
			isa = PBXGroup;
			children = (
				17FF2BA322C502AC008276A9 /* Model */,
				17FF2BA222C502A8008276A9 /* View */,
				17FF2BA122C502A1008276A9 /* Controller */,
				17FF2BA022C5029C008276A9 /* Service */,
			);
			path = Home;
			sourceTree = "<group>";
		};
		17FF2BA022C5029C008276A9 /* Service */ = {
			isa = PBXGroup;
			children = (
				17102C0222C5DEC700A2AE86 /* HomeDatasource.swift */,
			);
			path = Service;
			sourceTree = "<group>";
		};
		17FF2BA122C502A1008276A9 /* Controller */ = {
			isa = PBXGroup;
			children = (
				17FF2B8A22C4FB5C008276A9 /* HomeController.swift */,
				1780399322C5780E0096DCA6 /* HomeDatasourceController.swift */,
			);
			path = Controller;
			sourceTree = "<group>";
		};
		17FF2BA222C502A8008276A9 /* View */ = {
			isa = PBXGroup;
			children = (
				17A2FF4822C56903008D8A9F /* WordCell.swift */,
				17102C0422C5E01A00A2AE86 /* UserCell.swift */,
				17102C0622C5E1EA00A2AE86 /* UserHeader.swift */,
				17102C0922C5E2A300A2AE86 /* UserFooter.swift */,
			);
			path = View;
			sourceTree = "<group>";
		};
		17FF2BA322C502AC008276A9 /* Model */ = {
			isa = PBXGroup;
			children = (
			);
			path = Model;
			sourceTree = "<group>";
		};
		A5FB36D95689FB6CAD8265A3 /* Frameworks */ = {
			isa = PBXGroup;
			children = (
				A9B0B6E3C13222DF80426718 /* Pods_TwitterClone.framework */,
			);
			name = Frameworks;
			sourceTree = "<group>";
		};
/* End PBXGroup section */

/* Begin PBXNativeTarget section */
		17FF2B8422C4FB5C008276A9 /* TwitterClone */ = {
			isa = PBXNativeTarget;
			buildConfigurationList = 17FF2B9722C4FB5D008276A9 /* Build configuration list for PBXNativeTarget "TwitterClone" */;
			buildPhases = (
				12BAC0C0CB30E4CA7B70DC9F /* [CP] Check Pods Manifest.lock */,
				17FF2B8122C4FB5C008276A9 /* Sources */,
				17FF2B8222C4FB5C008276A9 /* Frameworks */,
				17FF2B8322C4FB5C008276A9 /* Resources */,
				A9D833D1B96E6B75DF1EABAC /* [CP] Embed Pods Frameworks */,
			);
			buildRules = (
			);
			dependencies = (
			);
			name = TwitterClone;
			productName = TwitterClone;
			productReference = 17FF2B8522C4FB5C008276A9 /* TwitterClone.app */;
			productType = "com.apple.product-type.application";
		};
/* End PBXNativeTarget section */

/* Begin PBXProject section */
		17FF2B7D22C4FB5B008276A9 /* Project object */ = {
			isa = PBXProject;
			attributes = {
				LastSwiftUpdateCheck = 1020;
				LastUpgradeCheck = 1020;
				ORGANIZATIONNAME = "Nikolas Aggelidis";
				TargetAttributes = {
					17FF2B8422C4FB5C008276A9 = {
						CreatedOnToolsVersion = 10.2.1;
					};
				};
			};
			buildConfigurationList = 17FF2B8022C4FB5B008276A9 /* Build configuration list for PBXProject "TwitterClone" */;
			compatibilityVersion = "Xcode 9.3";
			developmentRegion = en;
			hasScannedForEncodings = 0;
			knownRegions = (
				en,
				Base,
			);
			mainGroup = 17FF2B7C22C4FB5B008276A9;
			productRefGroup = 17FF2B8622C4FB5C008276A9 /* Products */;
			projectDirPath = "";
			projectRoot = "";
			targets = (
				17FF2B8422C4FB5C008276A9 /* TwitterClone */,
			);
		};
/* End PBXProject section */

/* Begin PBXResourcesBuildPhase section */
		17FF2B8322C4FB5C008276A9 /* Resources */ = {
			isa = PBXResourcesBuildPhase;
			buildActionMask = 2147483647;
			files = (
				17FF2B9322C4FB5D008276A9 /* LaunchScreen.storyboard in Resources */,
				17FF2B9022C4FB5D008276A9 /* Assets.xcassets in Resources */,
			);
			runOnlyForDeploymentPostprocessing = 0;
		};
/* End PBXResourcesBuildPhase section */

/* Begin PBXShellScriptBuildPhase section */
		12BAC0C0CB30E4CA7B70DC9F /* [CP] Check Pods Manifest.lock */ = {
			isa = PBXShellScriptBuildPhase;
			buildActionMask = 2147483647;
			files = (
			);
			inputFileListPaths = (
			);
			inputPaths = (
				"${PODS_PODFILE_DIR_PATH}/Podfile.lock",
				"${PODS_ROOT}/Manifest.lock",
			);
			name = "[CP] Check Pods Manifest.lock";
			outputFileListPaths = (
			);
			outputPaths = (
				"$(DERIVED_FILE_DIR)/Pods-TwitterClone-checkManifestLockResult.txt",
			);
			runOnlyForDeploymentPostprocessing = 0;
			shellPath = /bin/sh;
			shellScript = "diff \"${PODS_PODFILE_DIR_PATH}/Podfile.lock\" \"${PODS_ROOT}/Manifest.lock\" > /dev/null\nif [ $? != 0 ] ; then\n    # print error to STDERR\n    echo \"error: The sandbox is not in sync with the Podfile.lock. Run 'pod install' or update your CocoaPods installation.\" >&2\n    exit 1\nfi\n# This output is used by Xcode 'outputs' to avoid re-running this script phase.\necho \"SUCCESS\" > \"${SCRIPT_OUTPUT_FILE_0}\"\n";
			showEnvVarsInLog = 0;
		};
		A9D833D1B96E6B75DF1EABAC /* [CP] Embed Pods Frameworks */ = {
			isa = PBXShellScriptBuildPhase;
			buildActionMask = 2147483647;
			files = (
			);
			inputFileListPaths = (
			);
			inputPaths = (
				"${SRCROOT}/Pods/Target Support Files/Pods-TwitterClone/Pods-TwitterClone-frameworks.sh",
				"${BUILT_PRODUCTS_DIR}/LBTAComponents/LBTAComponents.framework",
			);
			name = "[CP] Embed Pods Frameworks";
			outputFileListPaths = (
			);
			outputPaths = (
				"${TARGET_BUILD_DIR}/${FRAMEWORKS_FOLDER_PATH}/LBTAComponents.framework",
			);
			runOnlyForDeploymentPostprocessing = 0;
			shellPath = /bin/sh;
			shellScript = "\"${SRCROOT}/Pods/Target Support Files/Pods-TwitterClone/Pods-TwitterClone-frameworks.sh\"\n";
			showEnvVarsInLog = 0;
		};
/* End PBXShellScriptBuildPhase section */

/* Begin PBXSourcesBuildPhase section */
		17FF2B8122C4FB5C008276A9 /* Sources */ = {
			isa = PBXSourcesBuildPhase;
			buildActionMask = 2147483647;
			files = (
				17102C0322C5DEC700A2AE86 /* HomeDatasource.swift in Sources */,
				17102C0A22C5E2A300A2AE86 /* UserFooter.swift in Sources */,
				17A2FF4922C56903008D8A9F /* WordCell.swift in Sources */,
				17102C0522C5E01A00A2AE86 /* UserCell.swift in Sources */,
				1780399422C5780E0096DCA6 /* HomeDatasourceController.swift in Sources */,
				17FF2B8B22C4FB5C008276A9 /* HomeController.swift in Sources */,
				17FF2B8922C4FB5C008276A9 /* AppDelegate.swift in Sources */,
				17102C0722C5E1EA00A2AE86 /* UserHeader.swift in Sources */,
			);
			runOnlyForDeploymentPostprocessing = 0;
		};
/* End PBXSourcesBuildPhase section */

/* Begin PBXVariantGroup section */
		17FF2B9122C4FB5D008276A9 /* LaunchScreen.storyboard */ = {
			isa = PBXVariantGroup;
			children = (
				17FF2B9222C4FB5D008276A9 /* Base */,
			);
			name = LaunchScreen.storyboard;
			sourceTree = "<group>";
		};
/* End PBXVariantGroup section */

/* Begin XCBuildConfiguration section */
		17FF2B9522C4FB5D008276A9 /* Debug */ = {
			isa = XCBuildConfiguration;
			buildSettings = {
				ALWAYS_SEARCH_USER_PATHS = NO;
				CLANG_ANALYZER_NONNULL = YES;
				CLANG_ANALYZER_NUMBER_OBJECT_CONVERSION = YES_AGGRESSIVE;
				CLANG_CXX_LANGUAGE_STANDARD = "gnu++14";
				CLANG_CXX_LIBRARY = "libc++";
				CLANG_ENABLE_MODULES = YES;
				CLANG_ENABLE_OBJC_ARC = YES;
				CLANG_ENABLE_OBJC_WEAK = YES;
				CLANG_WARN_BLOCK_CAPTURE_AUTORELEASING = YES;
				CLANG_WARN_BOOL_CONVERSION = YES;
				CLANG_WARN_COMMA = YES;
				CLANG_WARN_CONSTANT_CONVERSION = YES;
				CLANG_WARN_DEPRECATED_OBJC_IMPLEMENTATIONS = YES;
				CLANG_WARN_DIRECT_OBJC_ISA_USAGE = YES_ERROR;
				CLANG_WARN_DOCUMENTATION_COMMENTS = YES;
				CLANG_WARN_EMPTY_BODY = YES;
				CLANG_WARN_ENUM_CONVERSION = YES;
				CLANG_WARN_INFINITE_RECURSION = YES;
				CLANG_WARN_INT_CONVERSION = YES;
				CLANG_WARN_NON_LITERAL_NULL_CONVERSION = YES;
				CLANG_WARN_OBJC_IMPLICIT_RETAIN_SELF = YES;
				CLANG_WARN_OBJC_LITERAL_CONVERSION = YES;
				CLANG_WARN_OBJC_ROOT_CLASS = YES_ERROR;
				CLANG_WARN_RANGE_LOOP_ANALYSIS = YES;
				CLANG_WARN_STRICT_PROTOTYPES = YES;
				CLANG_WARN_SUSPICIOUS_MOVE = YES;
				CLANG_WARN_UNGUARDED_AVAILABILITY = YES_AGGRESSIVE;
				CLANG_WARN_UNREACHABLE_CODE = YES;
				CLANG_WARN__DUPLICATE_METHOD_MATCH = YES;
				CODE_SIGN_IDENTITY = "iPhone Developer";
				COPY_PHASE_STRIP = NO;
				DEBUG_INFORMATION_FORMAT = dwarf;
				ENABLE_STRICT_OBJC_MSGSEND = YES;
				ENABLE_TESTABILITY = YES;
				GCC_C_LANGUAGE_STANDARD = gnu11;
				GCC_DYNAMIC_NO_PIC = NO;
				GCC_NO_COMMON_BLOCKS = YES;
				GCC_OPTIMIZATION_LEVEL = 0;
				GCC_PREPROCESSOR_DEFINITIONS = (
					"DEBUG=1",
					"$(inherited)",
				);
				GCC_WARN_64_TO_32_BIT_CONVERSION = YES;
				GCC_WARN_ABOUT_RETURN_TYPE = YES_ERROR;
				GCC_WARN_UNDECLARED_SELECTOR = YES;
				GCC_WARN_UNINITIALIZED_AUTOS = YES_AGGRESSIVE;
				GCC_WARN_UNUSED_FUNCTION = YES;
				GCC_WARN_UNUSED_VARIABLE = YES;
				IPHONEOS_DEPLOYMENT_TARGET = 12.2;
				MTL_ENABLE_DEBUG_INFO = INCLUDE_SOURCE;
				MTL_FAST_MATH = YES;
				ONLY_ACTIVE_ARCH = YES;
				SDKROOT = iphoneos;
				SWIFT_ACTIVE_COMPILATION_CONDITIONS = DEBUG;
				SWIFT_OPTIMIZATION_LEVEL = "-Onone";
			};
			name = Debug;
		};
		17FF2B9622C4FB5D008276A9 /* Release */ = {
			isa = XCBuildConfiguration;
			buildSettings = {
				ALWAYS_SEARCH_USER_PATHS = NO;
				CLANG_ANALYZER_NONNULL = YES;
				CLANG_ANALYZER_NUMBER_OBJECT_CONVERSION = YES_AGGRESSIVE;
				CLANG_CXX_LANGUAGE_STANDARD = "gnu++14";
				CLANG_CXX_LIBRARY = "libc++";
				CLANG_ENABLE_MODULES = YES;
				CLANG_ENABLE_OBJC_ARC = YES;
				CLANG_ENABLE_OBJC_WEAK = YES;
				CLANG_WARN_BLOCK_CAPTURE_AUTORELEASING = YES;
				CLANG_WARN_BOOL_CONVERSION = YES;
				CLANG_WARN_COMMA = YES;
				CLANG_WARN_CONSTANT_CONVERSION = YES;
				CLANG_WARN_DEPRECATED_OBJC_IMPLEMENTATIONS = YES;
				CLANG_WARN_DIRECT_OBJC_ISA_USAGE = YES_ERROR;
				CLANG_WARN_DOCUMENTATION_COMMENTS = YES;
				CLANG_WARN_EMPTY_BODY = YES;
				CLANG_WARN_ENUM_CONVERSION = YES;
				CLANG_WARN_INFINITE_RECURSION = YES;
				CLANG_WARN_INT_CONVERSION = YES;
				CLANG_WARN_NON_LITERAL_NULL_CONVERSION = YES;
				CLANG_WARN_OBJC_IMPLICIT_RETAIN_SELF = YES;
				CLANG_WARN_OBJC_LITERAL_CONVERSION = YES;
				CLANG_WARN_OBJC_ROOT_CLASS = YES_ERROR;
				CLANG_WARN_RANGE_LOOP_ANALYSIS = YES;
				CLANG_WARN_STRICT_PROTOTYPES = YES;
				CLANG_WARN_SUSPICIOUS_MOVE = YES;
				CLANG_WARN_UNGUARDED_AVAILABILITY = YES_AGGRESSIVE;
				CLANG_WARN_UNREACHABLE_CODE = YES;
				CLANG_WARN__DUPLICATE_METHOD_MATCH = YES;
				CODE_SIGN_IDENTITY = "iPhone Developer";
				COPY_PHASE_STRIP = NO;
				DEBUG_INFORMATION_FORMAT = "dwarf-with-dsym";
				ENABLE_NS_ASSERTIONS = NO;
				ENABLE_STRICT_OBJC_MSGSEND = YES;
				GCC_C_LANGUAGE_STANDARD = gnu11;
				GCC_NO_COMMON_BLOCKS = YES;
				GCC_WARN_64_TO_32_BIT_CONVERSION = YES;
				GCC_WARN_ABOUT_RETURN_TYPE = YES_ERROR;
				GCC_WARN_UNDECLARED_SELECTOR = YES;
				GCC_WARN_UNINITIALIZED_AUTOS = YES_AGGRESSIVE;
				GCC_WARN_UNUSED_FUNCTION = YES;
				GCC_WARN_UNUSED_VARIABLE = YES;
				IPHONEOS_DEPLOYMENT_TARGET = 12.2;
				MTL_ENABLE_DEBUG_INFO = NO;
				MTL_FAST_MATH = YES;
				SDKROOT = iphoneos;
				SWIFT_COMPILATION_MODE = wholemodule;
				SWIFT_OPTIMIZATION_LEVEL = "-O";
				VALIDATE_PRODUCT = YES;
			};
			name = Release;
		};
		17FF2B9822C4FB5D008276A9 /* Debug */ = {
			isa = XCBuildConfiguration;
			baseConfigurationReference = 7DACB0EBAF2965582DA518DE /* Pods-TwitterClone.debug.xcconfig */;
			buildSettings = {
				ASSETCATALOG_COMPILER_APPICON_NAME = AppIcon;
				CODE_SIGN_STYLE = Automatic;
				DEVELOPMENT_TEAM = 7X48R5E6LJ;
				INFOPLIST_FILE = "$(SRCROOT)/TwitterClone/Global/Service/Info.plist";
				LD_RUNPATH_SEARCH_PATHS = (
					"$(inherited)",
					"@executable_path/Frameworks",
				);
				PRODUCT_BUNDLE_IDENTIFIER = NAPPS.TwitterClone;
				PRODUCT_NAME = "$(TARGET_NAME)";
				SWIFT_VERSION = 5.0;
				TARGETED_DEVICE_FAMILY = "1,2";
			};
			name = Debug;
		};
		17FF2B9922C4FB5D008276A9 /* Release */ = {
			isa = XCBuildConfiguration;
			baseConfigurationReference = B251F488B4DE9FFF03ABC96A /* Pods-TwitterClone.release.xcconfig */;
			buildSettings = {
				ASSETCATALOG_COMPILER_APPICON_NAME = AppIcon;
				CODE_SIGN_STYLE = Automatic;
				DEVELOPMENT_TEAM = 7X48R5E6LJ;
				INFOPLIST_FILE = "$(SRCROOT)/TwitterClone/Global/Service/Info.plist";
				LD_RUNPATH_SEARCH_PATHS = (
					"$(inherited)",
					"@executable_path/Frameworks",
				);
				PRODUCT_BUNDLE_IDENTIFIER = NAPPS.TwitterClone;
				PRODUCT_NAME = "$(TARGET_NAME)";
				SWIFT_VERSION = 5.0;
				TARGETED_DEVICE_FAMILY = "1,2";
			};
			name = Release;
		};
/* End XCBuildConfiguration section */

/* Begin XCConfigurationList section */
		17FF2B8022C4FB5B008276A9 /* Build configuration list for PBXProject "TwitterClone" */ = {
			isa = XCConfigurationList;
			buildConfigurations = (
				17FF2B9522C4FB5D008276A9 /* Debug */,
				17FF2B9622C4FB5D008276A9 /* Release */,
			);
			defaultConfigurationIsVisible = 0;
			defaultConfigurationName = Release;
		};
		17FF2B9722C4FB5D008276A9 /* Build configuration list for PBXNativeTarget "TwitterClone" */ = {
			isa = XCConfigurationList;
			buildConfigurations = (
				17FF2B9822C4FB5D008276A9 /* Debug */,
				17FF2B9922C4FB5D008276A9 /* Release */,
			);
			defaultConfigurationIsVisible = 0;
			defaultConfigurationName = Release;
		};
/* End XCConfigurationList section */
	};
	rootObject = 17FF2B7D22C4FB5B008276A9 /* Project object */;
}
